
Microsoft Visual Studio Solution File, Format Version 12.00
# Visual Studio Version 16
VisualStudioVersion = 16.0.30804.86
MinimumVisualStudioVersion = 10.0.40219.1
Project("{FAE04EC0-301F-11D3-BF4B-00C04F79EFBC}") = "Remediation", "Remediation\Remediation.csproj", "{04554CF2-29D0-4847-9286-D7753ECB4D7E}"
EndProject
Global
	GlobalSection(SolutionConfigurationPlatforms) = preSolution
		Debug|Any CPU = Debug|Any CPU
		Release|Any CPU = Release|Any CPU
	EndGlobalSection
	GlobalSection(ProjectConfigurationPlatforms) = postSolution
		{04554CF2-29D0-4847-9286-D7753ECB4D7E}.Debug|Any CPU.ActiveCfg = Debug|Any CPU
		{04554CF2-29D0-4847-9286-D7753ECB4D7E}.Debug|Any CPU.Build.0 = Debug|Any CPU
		{04554CF2-29D0-4847-9286-D7753ECB4D7E}.Release|Any CPU.ActiveCfg = Release|Any CPU
		{04554CF2-29D0-4847-9286-D7753ECB4D7E}.Release|Any CPU.Build.0 = Release|Any CPU
	EndGlobalSection
	GlobalSection(SolutionProperties) = preSolution
		HideSolutionNode = FALSE
	EndGlobalSection
	GlobalSection(ExtensibilityGlobals) = postSolution
		SolutionGuid = {585BB5EA-16C0-457D-BE0D-799FD025C759}
	EndGlobalSection
EndGlobal
